
Microsoft Visual Studio Solution File, Format Version 12.00
# Visual Studio Version 17
VisualStudioVersion = 17.12.35506.116 d17.12
MinimumVisualStudioVersion = 10.0.40219.1
Project("{FAE04EC0-301F-11D3-BF4B-00C04F79EFBC}") = "ecommerce-app.backend.web", "ecommerce-app.backend.web\ecommerce-app.backend.web.csproj", "{F39453B5-44FB-4B54-A4BA-C6617D336346}"
EndProject
Global
	GlobalSection(SolutionConfigurationPlatforms) = preSolution
		Debug|Any CPU = Debug|Any CPU
		Release|Any CPU = Release|Any CPU
	EndGlobalSection
	GlobalSection(ProjectConfigurationPlatforms) = postSolution
		{F39453B5-44FB-4B54-A4BA-C6617D336346}.Debug|Any CPU.ActiveCfg = Debug|Any CPU
		{F39453B5-44FB-4B54-A4BA-C6617D336346}.Debug|Any CPU.Build.0 = Debug|Any CPU
		{F39453B5-44FB-4B54-A4BA-C6617D336346}.Release|Any CPU.ActiveCfg = Release|Any CPU
		{F39453B5-44FB-4B54-A4BA-C6617D336346}.Release|Any CPU.Build.0 = Release|Any CPU
	EndGlobalSection
	GlobalSection(SolutionProperties) = preSolution
		HideSolutionNode = FALSE
	EndGlobalSection
EndGlobal
